github.com/hashiting/json2go v0.0.0-20241126022719-dd5e1886a6e0 h1:O9dnx1knsbhPy6VkszBkTgn+c4RgTgqicxyK1LFHXiU=
github.com/hashiting/json2go v0.0.0-20241126022719-dd5e1886a6e0/go.mod h1:L9PprmD0KQu6O8dZCxjN7gShxQM6XOQuFGJebL5M5Ww=
github.com/mohae/firkin v0.0.0-20160628234414-44b753e65e9f h1:Hopn0Rd4BiAOBh5TJJPGT1nuoLli+mkwd+HM8aJ1cJw=
github.com/mohae/firkin v0.0.0-20160628234414-44b753e65e9f/go.mod h1:plySA1kLrKvjFpcF2tXoY6VPG+g2w6RdeoHqoxu+smA=
